
Microsoft Visual Studio Solution File, Format Version 12.00
# Visual Studio Version 17
VisualStudioVersion = 17.5.002.0
MinimumVisualStudioVersion = 10.0.40219.1
Project("{9A19103F-16F7-4668-BE54-9A1E7A4F7556}") = "day_2_part_1", "day_2_part_1.csproj", "{774492B0-401B-4F4E-844F-EA873548720C}"
EndProject
Global
	GlobalSection(SolutionConfigurationPlatforms) = preSolution
		Debug|Any CPU = Debug|Any CPU
		Release|Any CPU = Release|Any CPU
	EndGlobalSection
	GlobalSection(ProjectConfigurationPlatforms) = postSolution
		{774492B0-401B-4F4E-844F-EA873548720C}.Debug|Any CPU.ActiveCfg = Debug|Any CPU
		{774492B0-401B-4F4E-844F-EA873548720C}.Debug|Any CPU.Build.0 = Debug|Any CPU
		{774492B0-401B-4F4E-844F-EA873548720C}.Release|Any CPU.ActiveCfg = Release|Any CPU
		{774492B0-401B-4F4E-844F-EA873548720C}.Release|Any CPU.Build.0 = Release|Any CPU
	EndGlobalSection
	GlobalSection(SolutionProperties) = preSolution
		HideSolutionNode = FALSE
	EndGlobalSection
	GlobalSection(ExtensibilityGlobals) = postSolution
		SolutionGuid = {7D14AF29-C4CC-44D0-A2CC-01511BC9D839}
	EndGlobalSection
EndGlobal
